
Microsoft Visual Studio Solution File, Format Version 12.00
# Visual Studio Version 17
VisualStudioVersion = 17.0.31903.59
MinimumVisualStudioVersion = 10.0.40219.1
Project("{2150E333-8FDC-42A3-9474-1A3956D46DE8}") = "src", "src", "{827E0CD3-B72D-47B6-A68D-7590B98EB39B}"
EndProject
Project("{FAE04EC0-301F-11D3-BF4B-00C04F79EFBC}") = "GPCS_ExchangeRate.Domain", "src\GPCS_ExchangeRate.Domain\GPCS_ExchangeRate.Domain.csproj", "{602580D5-7435-4964-AE58-5BC2D184734E}"
EndProject
Project("{FAE04EC0-301F-11D3-BF4B-00C04F79EFBC}") = "GPCS_ExchangeRate.Application", "src\GPCS_ExchangeRate.Application\GPCS_ExchangeRate.Application.csproj", "{263B282C-0EDC-4292-A4B6-005156036089}"
EndProject
Project("{FAE04EC0-301F-11D3-BF4B-00C04F79EFBC}") = "GPCS_ExchangeRate.Infrastructure", "src\GPCS_ExchangeRate.Infrastructure\GPCS_ExchangeRate.Infrastructure.csproj", "{5D5287EB-FE20-4D5A-8715-8AC9E610C401}"
EndProject
Project("{FAE04EC0-301F-11D3-BF4B-00C04F79EFBC}") = "GPCS_ExchangeRate.Api", "src\GPCS_ExchangeRate.Api\GPCS_ExchangeRate.Api.csproj", "{341FE7AF-3927-41C1-9001-D3CAADE9A035}"
EndProject
Global
	GlobalSection(SolutionConfigurationPlatforms) = preSolution
		Debug|Any CPU = Debug|Any CPU
		Debug|x64 = Debug|x64
		Debug|x86 = Debug|x86
		Release|Any CPU = Release|Any CPU
		Release|x64 = Release|x64
		Release|x86 = Release|x86
	EndGlobalSection
	GlobalSection(ProjectConfigurationPlatforms) = postSolution
		{602580D5-7435-4964-AE58-5BC2D184734E}.Debug|Any CPU.ActiveCfg = Debug|Any CPU
		{602580D5-7435-4964-AE58-5BC2D184734E}.Debug|Any CPU.Build.0 = Debug|Any CPU
		{602580D5-7435-4964-AE58-5BC2D184734E}.Debug|x64.ActiveCfg = Debug|Any CPU
		{602580D5-7435-4964-AE58-5BC2D184734E}.Debug|x64.Build.0 = Debug|Any CPU
		{602580D5-7435-4964-AE58-5BC2D184734E}.Debug|x86.ActiveCfg = Debug|Any CPU
		{602580D5-7435-4964-AE58-5BC2D184734E}.Debug|x86.Build.0 = Debug|Any CPU
		{602580D5-7435-4964-AE58-5BC2D184734E}.Release|Any CPU.ActiveCfg = Release|Any CPU
		{602580D5-7435-4964-AE58-5BC2D184734E}.Release|Any CPU.Build.0 = Release|Any CPU
		{602580D5-7435-4964-AE58-5BC2D184734E}.Release|x64.ActiveCfg = Release|Any CPU
		{602580D5-7435-4964-AE58-5BC2D184734E}.Release|x64.Build.0 = Release|Any CPU
		{602580D5-7435-4964-AE58-5BC2D184734E}.Release|x86.ActiveCfg = Release|Any CPU
		{602580D5-7435-4964-AE58-5BC2D184734E}.Release|x86.Build.0 = Release|Any CPU
		{263B282C-0EDC-4292-A4B6-005156036089}.Debug|Any CPU.ActiveCfg = Debug|Any CPU
		{263B282C-0EDC-4292-A4B6-005156036089}.Debug|Any CPU.Build.0 = Debug|Any CPU
		{263B282C-0EDC-4292-A4B6-005156036089}.Debug|x64.ActiveCfg = Debug|Any CPU
		{263B282C-0EDC-4292-A4B6-005156036089}.Debug|x64.Build.0 = Debug|Any CPU
		{263B282C-0EDC-4292-A4B6-005156036089}.Debug|x86.ActiveCfg = Debug|Any CPU
		{263B282C-0EDC-4292-A4B6-005156036089}.Debug|x86.Build.0 = Debug|Any CPU
		{263B282C-0EDC-4292-A4B6-005156036089}.Release|Any CPU.ActiveCfg = Release|Any CPU
		{263B282C-0EDC-4292-A4B6-005156036089}.Release|Any CPU.Build.0 = Release|Any CPU
		{263B282C-0EDC-4292-A4B6-005156036089}.Release|x64.ActiveCfg = Release|Any CPU
		{263B282C-0EDC-4292-A4B6-005156036089}.Release|x64.Build.0 = Release|Any CPU
		{263B282C-0EDC-4292-A4B6-005156036089}.Release|x86.ActiveCfg = Release|Any CPU
		{263B282C-0EDC-4292-A4B6-005156036089}.Release|x86.Build.0 = Release|Any CPU
		{5D5287EB-FE20-4D5A-8715-8AC9E610C401}.Debug|Any CPU.ActiveCfg = Debug|Any CPU
		{5D5287EB-FE20-4D5A-8715-8AC9E610C401}.Debug|Any CPU.Build.0 = Debug|Any CPU
		{5D5287EB-FE20-4D5A-8715-8AC9E610C401}.Debug|x64.ActiveCfg = Debug|Any CPU
		{5D5287EB-FE20-4D5A-8715-8AC9E610C401}.Debug|x64.Build.0 = Debug|Any CPU
		{5D5287EB-FE20-4D5A-8715-8AC9E610C401}.Debug|x86.ActiveCfg = Debug|Any CPU
		{5D5287EB-FE20-4D5A-8715-8AC9E610C401}.Debug|x86.Build.0 = Debug|Any CPU
		{5D5287EB-FE20-4D5A-8715-8AC9E610C401}.Release|Any CPU.ActiveCfg = Release|Any CPU
		{5D5287EB-FE20-4D5A-8715-8AC9E610C401}.Release|Any CPU.Build.0 = Release|Any CPU
		{5D5287EB-FE20-4D5A-8715-8AC9E610C401}.Release|x64.ActiveCfg = Release|Any CPU
		{5D5287EB-FE20-4D5A-8715-8AC9E610C401}.Release|x64.Build.0 = Release|Any CPU
		{5D5287EB-FE20-4D5A-8715-8AC9E610C401}.Release|x86.ActiveCfg = Release|Any CPU
		{5D5287EB-FE20-4D5A-8715-8AC9E610C401}.Release|x86.Build.0 = Release|Any CPU
		{341FE7AF-3927-41C1-9001-D3CAADE9A035}.Debug|Any CPU.ActiveCfg = Debug|Any CPU
		{341FE7AF-3927-41C1-9001-D3CAADE9A035}.Debug|Any CPU.Build.0 = Debug|Any CPU
		{341FE7AF-3927-41C1-9001-D3CAADE9A035}.Debug|x64.ActiveCfg = Debug|Any CPU
		{341FE7AF-3927-41C1-9001-D3CAADE9A035}.Debug|x64.Build.0 = Debug|Any CPU
		{341FE7AF-3927-41C1-9001-D3CAADE9A035}.Debug|x86.ActiveCfg = Debug|Any CPU
		{341FE7AF-3927-41C1-9001-D3CAADE9A035}.Debug|x86.Build.0 = Debug|Any CPU
		{341FE7AF-3927-41C1-9001-D3CAADE9A035}.Release|Any CPU.ActiveCfg = Release|Any CPU
		{341FE7AF-3927-41C1-9001-D3CAADE9A035}.Release|Any CPU.Build.0 = Release|Any CPU
		{341FE7AF-3927-41C1-9001-D3CAADE9A035}.Release|x64.ActiveCfg = Release|Any CPU
		{341FE7AF-3927-41C1-9001-D3CAADE9A035}.Release|x64.Build.0 = Release|Any CPU
		{341FE7AF-3927-41C1-9001-D3CAADE9A035}.Release|x86.ActiveCfg = Release|Any CPU
		{341FE7AF-3927-41C1-9001-D3CAADE9A035}.Release|x86.Build.0 = Release|Any CPU
	EndGlobalSection
	GlobalSection(SolutionProperties) = preSolution
		HideSolutionNode = FALSE
	EndGlobalSection
	GlobalSection(NestedProjects) = preSolution
		{602580D5-7435-4964-AE58-5BC2D184734E} = {827E0CD3-B72D-47B6-A68D-7590B98EB39B}
		{263B282C-0EDC-4292-A4B6-005156036089} = {827E0CD3-B72D-47B6-A68D-7590B98EB39B}
		{5D5287EB-FE20-4D5A-8715-8AC9E610C401} = {827E0CD3-B72D-47B6-A68D-7590B98EB39B}
		{341FE7AF-3927-41C1-9001-D3CAADE9A035} = {827E0CD3-B72D-47B6-A68D-7590B98EB39B}
	EndGlobalSection
EndGlobal
